
Microsoft Visual Studio Solution File, Format Version 12.00
# Visual Studio 14
VisualStudioVersion = 14.0.25123.0
MinimumVisualStudioVersion = 10.0.40219.1
Project("{FAE04EC0-301F-11D3-BF4B-00C04F79EFBC}") = "Comp2007-summer-2016", "Comp2007-summer-2016\Comp2007-summer-2016.csproj", "{864229E8-F974-4033-834D-4EF43089FC4B}"
EndProject
Project("{FAE04EC0-301F-11D3-BF4B-00C04F79EFBC}") = "Comp2007-summer-2016.Tests", "Comp2007-summer-2016.Tests\Comp2007-summer-2016.Tests.csproj", "{966324B8-3819-46BE-B073-064CE3209CDA}"
EndProject
Global
	GlobalSection(SolutionConfigurationPlatforms) = preSolution
		Debug|Any CPU = Debug|Any CPU
		Release|Any CPU = Release|Any CPU
	EndGlobalSection
	GlobalSection(ProjectConfigurationPlatforms) = postSolution
		{864229E8-F974-4033-834D-4EF43089FC4B}.Debug|Any CPU.ActiveCfg = Debug|Any CPU
		{864229E8-F974-4033-834D-4EF43089FC4B}.Debug|Any CPU.Build.0 = Debug|Any CPU
		{864229E8-F974-4033-834D-4EF43089FC4B}.Release|Any CPU.ActiveCfg = Release|Any CPU
		{864229E8-F974-4033-834D-4EF43089FC4B}.Release|Any CPU.Build.0 = Release|Any CPU
		{966324B8-3819-46BE-B073-064CE3209CDA}.Debug|Any CPU.ActiveCfg = Debug|Any CPU
		{966324B8-3819-46BE-B073-064CE3209CDA}.Debug|Any CPU.Build.0 = Debug|Any CPU
		{966324B8-3819-46BE-B073-064CE3209CDA}.Release|Any CPU.ActiveCfg = Release|Any CPU
		{966324B8-3819-46BE-B073-064CE3209CDA}.Release|Any CPU.Build.0 = Release|Any CPU
	EndGlobalSection
	GlobalSection(SolutionProperties) = preSolution
		HideSolutionNode = FALSE
	EndGlobalSection
EndGlobal
